
Microsoft Visual Studio Solution File, Format Version 12.00
# Visual Studio 15
VisualStudioVersion = 15.0.26430.16
MinimumVisualStudioVersion = 10.0.40219.1
Project("{9A19103F-16F7-4668-BE54-9A1E7A4F7556}") = "BinaryGap", "BinaryGap\BinaryGap.csproj", "{376A4152-B96D-4198-9538-0E85361B6814}"
EndProject
Project("{9A19103F-16F7-4668-BE54-9A1E7A4F7556}") = "CyclicRotation", "CyclicRotation\CyclicRotation.csproj", "{96864A65-BFA4-4335-92D2-4F315AA1276E}"
EndProject
Project("{9A19103F-16F7-4668-BE54-9A1E7A4F7556}") = "OddOccurrencesInArray", "OddOccurrencesInArray\OddOccurrencesInArray.csproj", "{0F98C5D5-FFFF-4FC4-98E8-AA7FDAAE4E4C}"
EndProject
Project("{9A19103F-16F7-4668-BE54-9A1E7A4F7556}") = "MaxNonoverlappingSegments", "MaxNonoverlappingSegments\MaxNonoverlappingSegments.csproj", "{2419DBDF-C6C5-4376-9073-9BE9E7783B7C}"
EndProject
Project("{9A19103F-16F7-4668-BE54-9A1E7A4F7556}") = "TieRopes", "TieRopes\TieRopes.csproj", "{4C95D630-203A-4BCD-A73B-681D1179712B}"
EndProject
Project("{9A19103F-16F7-4668-BE54-9A1E7A4F7556}") = "LongestPassword", "LongestPassword\LongestPassword.csproj", "{6401D1E8-7562-4D24-B826-09F8FB1D2CFE}"
EndProject
Project("{9A19103F-16F7-4668-BE54-9A1E7A4F7556}") = "NumberSolitaire", "NumberSolitaire\NumberSolitaire.csproj", "{A02FF0D6-CF11-48FD-95AB-726BBB38D4E2}"
EndProject
Project("{9A19103F-16F7-4668-BE54-9A1E7A4F7556}") = "PermMissingElem", "PermMissingElem\PermMissingElem.csproj", "{3D1233DF-7EFB-4EEA-BC2E-B3B7FA3C3A71}"
EndProject
Project("{FAE04EC0-301F-11D3-BF4B-00C04F79EFBC}") = "FrogJump", "FrogJump\FrogJump.csproj", "{83C7CE6B-39EC-408A-AAE3-794E02678A93}"
EndProject
Project("{FAE04EC0-301F-11D3-BF4B-00C04F79EFBC}") = "TapeEquilibrium", "TapeEquilibrium\TapeEquilibrium.csproj", "{08FC37F7-108D-4B14-8003-D848384D7AD8}"
EndProject
Project("{FAE04EC0-301F-11D3-BF4B-00C04F79EFBC}") = "MissingInteger", "MissingInteger\MissingInteger.csproj", "{EE3D3E17-E5A0-48C4-ADF0-2EE735E16795}"
EndProject
Project("{FAE04EC0-301F-11D3-BF4B-00C04F79EFBC}") = "PermCheck", "PermCheck\PermCheck.csproj", "{C07429BF-AEAB-4BBA-B96A-4D18BD8D70C9}"
EndProject
Project("{FAE04EC0-301F-11D3-BF4B-00C04F79EFBC}") = "FrogRiverOne", "FrogRiverOne\FrogRiverOne.csproj", "{0B3E9E8F-4124-48A4-8813-68EE98B59FC5}"
EndProject
Project("{FAE04EC0-301F-11D3-BF4B-00C04F79EFBC}") = "MaxCounters", "MaxCounters\MaxCounters.csproj", "{63002EB3-FAB1-4D7C-82CC-5342C7DB4F2E}"
EndProject
Project("{FAE04EC0-301F-11D3-BF4B-00C04F79EFBC}") = "PassingCars", "PassingCars\PassingCars.csproj", "{C5D2D42D-D06A-4AF1-887D-2FCDB1AEB623}"
EndProject
Project("{FAE04EC0-301F-11D3-BF4B-00C04F79EFBC}") = "CountDiv", "CountDiv\CountDiv.csproj", "{5C55C0DD-F582-407D-A946-02E22F8A3B55}"
EndProject
Project("{FAE04EC0-301F-11D3-BF4B-00C04F79EFBC}") = "MaxProductOfThree", "MaxProductOfThree\MaxProductOfThree.csproj", "{DA3C435A-D7E2-4C43-ACF4-8E2A58F2A830}"
EndProject
Project("{FAE04EC0-301F-11D3-BF4B-00C04F79EFBC}") = "Triangle", "Triangle\Triangle.csproj", "{61F7D582-B83B-4B81-AB50-1D4A22D40F22}"
EndProject
Project("{FAE04EC0-301F-11D3-BF4B-00C04F79EFBC}") = "Fish", "Fish\Fish.csproj", "{29B4CF0A-7530-4A2E-AF9C-AEB18E268A64}"
EndProject
Project("{FAE04EC0-301F-11D3-BF4B-00C04F79EFBC}") = "MaxDoubleSliceSum", "MaxDoubleSliceSum\MaxDoubleSliceSum.csproj", "{E639E7B5-47B6-4DA9-B0E3-82B2B39928A2}"
EndProject
Project("{FAE04EC0-301F-11D3-BF4B-00C04F79EFBC}") = "Task3", "Task3\Task3.csproj", "{B9724ED4-B54E-4CE7-9649-838CA2B8A7EA}"
EndProject
Project("{FAE04EC0-301F-11D3-BF4B-00C04F79EFBC}") = "Task1", "Task1\Task1.csproj", "{B868A718-5473-4248-95ED-8CAB3AA38D53}"
EndProject
Project("{FAE04EC0-301F-11D3-BF4B-00C04F79EFBC}") = "Task2BinaryTree", "Task2BinaryTree\Task2BinaryTree.csproj", "{78CE8AEE-C14A-4FFB-88A5-9206CDC84268}"
EndProject
Project("{FAE04EC0-301F-11D3-BF4B-00C04F79EFBC}") = "Testing2Task1", "Testing2Task1\Testing2Task1.csproj", "{D70FF571-948F-4497-9C1A-56E175DA4B8B}"
EndProject
Project("{FAE04EC0-301F-11D3-BF4B-00C04F79EFBC}") = "Testing2Task2", "Testing2Task2\Testing2Task2.csproj", "{F2DFAE19-D217-40F6-BE6A-90201D909076}"
EndProject
Project("{FAE04EC0-301F-11D3-BF4B-00C04F79EFBC}") = "Testing2Task3", "Testing2Task3\Testing2Task3.csproj", "{A1C20202-B677-475D-BF78-7543B441CD7B}"
EndProject
Project("{FAE04EC0-301F-11D3-BF4B-00C04F79EFBC}") = "EquilibriumIndex", "EquilibriumIndex\EquilibriumIndex.csproj", "{A297DE63-A9EA-4FC5-BBEA-B10D28335DEE}"
EndProject
Project("{FAE04EC0-301F-11D3-BF4B-00C04F79EFBC}") = "Testing3Task1", "Testing3Task1\Testing3Task1.csproj", "{91787455-FEB1-4D54-A619-10A96622D709}"
EndProject
Project("{FAE04EC0-301F-11D3-BF4B-00C04F79EFBC}") = "Testing3Task2", "Testing3Task2\Testing3Task2.csproj", "{A02CA482-A24D-4081-8781-48EBC6C7270F}"
EndProject
Global
	GlobalSection(SolutionConfigurationPlatforms) = preSolution
		Debug|Any CPU = Debug|Any CPU
		Release|Any CPU = Release|Any CPU
	EndGlobalSection
	GlobalSection(ProjectConfigurationPlatforms) = postSolution
		{376A4152-B96D-4198-9538-0E85361B6814}.Debug|Any CPU.ActiveCfg = Debug|Any CPU
		{376A4152-B96D-4198-9538-0E85361B6814}.Debug|Any CPU.Build.0 = Debug|Any CPU
		{376A4152-B96D-4198-9538-0E85361B6814}.Release|Any CPU.ActiveCfg = Release|Any CPU
		{376A4152-B96D-4198-9538-0E85361B6814}.Release|Any CPU.Build.0 = Release|Any CPU
		{96864A65-BFA4-4335-92D2-4F315AA1276E}.Debug|Any CPU.ActiveCfg = Debug|Any CPU
		{96864A65-BFA4-4335-92D2-4F315AA1276E}.Debug|Any CPU.Build.0 = Debug|Any CPU
		{96864A65-BFA4-4335-92D2-4F315AA1276E}.Release|Any CPU.ActiveCfg = Release|Any CPU
		{96864A65-BFA4-4335-92D2-4F315AA1276E}.Release|Any CPU.Build.0 = Release|Any CPU
		{0F98C5D5-FFFF-4FC4-98E8-AA7FDAAE4E4C}.Debug|Any CPU.ActiveCfg = Debug|Any CPU
		{0F98C5D5-FFFF-4FC4-98E8-AA7FDAAE4E4C}.Debug|Any CPU.Build.0 = Debug|Any CPU
		{0F98C5D5-FFFF-4FC4-98E8-AA7FDAAE4E4C}.Release|Any CPU.ActiveCfg = Release|Any CPU
		{0F98C5D5-FFFF-4FC4-98E8-AA7FDAAE4E4C}.Release|Any CPU.Build.0 = Release|Any CPU
		{2419DBDF-C6C5-4376-9073-9BE9E7783B7C}.Debug|Any CPU.ActiveCfg = Debug|Any CPU
		{2419DBDF-C6C5-4376-9073-9BE9E7783B7C}.Debug|Any CPU.Build.0 = Debug|Any CPU
		{2419DBDF-C6C5-4376-9073-9BE9E7783B7C}.Release|Any CPU.ActiveCfg = Release|Any CPU
		{2419DBDF-C6C5-4376-9073-9BE9E7783B7C}.Release|Any CPU.Build.0 = Release|Any CPU
		{4C95D630-203A-4BCD-A73B-681D1179712B}.Debug|Any CPU.ActiveCfg = Debug|Any CPU
		{4C95D630-203A-4BCD-A73B-681D1179712B}.Debug|Any CPU.Build.0 = Debug|Any CPU
		{4C95D630-203A-4BCD-A73B-681D1179712B}.Release|Any CPU.ActiveCfg = Release|Any CPU
		{4C95D630-203A-4BCD-A73B-681D1179712B}.Release|Any CPU.Build.0 = Release|Any CPU
		{6401D1E8-7562-4D24-B826-09F8FB1D2CFE}.Debug|Any CPU.ActiveCfg = Debug|Any CPU
		{6401D1E8-7562-4D24-B826-09F8FB1D2CFE}.Debug|Any CPU.Build.0 = Debug|Any CPU
		{6401D1E8-7562-4D24-B826-09F8FB1D2CFE}.Release|Any CPU.ActiveCfg = Release|Any CPU
		{6401D1E8-7562-4D24-B826-09F8FB1D2CFE}.Release|Any CPU.Build.0 = Release|Any CPU
		{A02FF0D6-CF11-48FD-95AB-726BBB38D4E2}.Debug|Any CPU.ActiveCfg = Debug|Any CPU
		{A02FF0D6-CF11-48FD-95AB-726BBB38D4E2}.Debug|Any CPU.Build.0 = Debug|Any CPU
		{A02FF0D6-CF11-48FD-95AB-726BBB38D4E2}.Release|Any CPU.ActiveCfg = Release|Any CPU
		{A02FF0D6-CF11-48FD-95AB-726BBB38D4E2}.Release|Any CPU.Build.0 = Release|Any CPU
		{3D1233DF-7EFB-4EEA-BC2E-B3B7FA3C3A71}.Debug|Any CPU.ActiveCfg = Debug|Any CPU
		{3D1233DF-7EFB-4EEA-BC2E-B3B7FA3C3A71}.Debug|Any CPU.Build.0 = Debug|Any CPU
		{3D1233DF-7EFB-4EEA-BC2E-B3B7FA3C3A71}.Release|Any CPU.ActiveCfg = Release|Any CPU
		{3D1233DF-7EFB-4EEA-BC2E-B3B7FA3C3A71}.Release|Any CPU.Build.0 = Release|Any CPU
		{83C7CE6B-39EC-408A-AAE3-794E02678A93}.Debug|Any CPU.ActiveCfg = Debug|Any CPU
		{83C7CE6B-39EC-408A-AAE3-794E02678A93}.Debug|Any CPU.Build.0 = Debug|Any CPU
		{83C7CE6B-39EC-408A-AAE3-794E02678A93}.Release|Any CPU.ActiveCfg = Release|Any CPU
		{83C7CE6B-39EC-408A-AAE3-794E02678A93}.Release|Any CPU.Build.0 = Release|Any CPU
		{08FC37F7-108D-4B14-8003-D848384D7AD8}.Debug|Any CPU.ActiveCfg = Debug|Any CPU
		{08FC37F7-108D-4B14-8003-D848384D7AD8}.Debug|Any CPU.Build.0 = Debug|Any CPU
		{08FC37F7-108D-4B14-8003-D848384D7AD8}.Release|Any CPU.ActiveCfg = Release|Any CPU
		{08FC37F7-108D-4B14-8003-D848384D7AD8}.Release|Any CPU.Build.0 = Release|Any CPU
		{EE3D3E17-E5A0-48C4-ADF0-2EE735E16795}.Debug|Any CPU.ActiveCfg = Debug|Any CPU
		{EE3D3E17-E5A0-48C4-ADF0-2EE735E16795}.Debug|Any CPU.Build.0 = Debug|Any CPU
		{EE3D3E17-E5A0-48C4-ADF0-2EE735E16795}.Release|Any CPU.ActiveCfg = Release|Any CPU
		{EE3D3E17-E5A0-48C4-ADF0-2EE735E16795}.Release|Any CPU.Build.0 = Release|Any CPU
		{C07429BF-AEAB-4BBA-B96A-4D18BD8D70C9}.Debug|Any CPU.ActiveCfg = Debug|Any CPU
		{C07429BF-AEAB-4BBA-B96A-4D18BD8D70C9}.Debug|Any CPU.Build.0 = Debug|Any CPU
		{C07429BF-AEAB-4BBA-B96A-4D18BD8D70C9}.Release|Any CPU.ActiveCfg = Release|Any CPU
		{C07429BF-AEAB-4BBA-B96A-4D18BD8D70C9}.Release|Any CPU.Build.0 = Release|Any CPU
		{0B3E9E8F-4124-48A4-8813-68EE98B59FC5}.Debug|Any CPU.ActiveCfg = Debug|Any CPU
		{0B3E9E8F-4124-48A4-8813-68EE98B59FC5}.Debug|Any CPU.Build.0 = Debug|Any CPU
		{0B3E9E8F-4124-48A4-8813-68EE98B59FC5}.Release|Any CPU.ActiveCfg = Release|Any CPU
		{0B3E9E8F-4124-48A4-8813-68EE98B59FC5}.Release|Any CPU.Build.0 = Release|Any CPU
		{63002EB3-FAB1-4D7C-82CC-5342C7DB4F2E}.Debug|Any CPU.ActiveCfg = Debug|Any CPU
		{63002EB3-FAB1-4D7C-82CC-5342C7DB4F2E}.Debug|Any CPU.Build.0 = Debug|Any CPU
		{63002EB3-FAB1-4D7C-82CC-5342C7DB4F2E}.Release|Any CPU.ActiveCfg = Release|Any CPU
		{63002EB3-FAB1-4D7C-82CC-5342C7DB4F2E}.Release|Any CPU.Build.0 = Release|Any CPU
		{C5D2D42D-D06A-4AF1-887D-2FCDB1AEB623}.Debug|Any CPU.ActiveCfg = Debug|Any CPU
		{C5D2D42D-D06A-4AF1-887D-2FCDB1AEB623}.Debug|Any CPU.Build.0 = Debug|Any CPU
		{C5D2D42D-D06A-4AF1-887D-2FCDB1AEB623}.Release|Any CPU.ActiveCfg = Release|Any CPU
		{C5D2D42D-D06A-4AF1-887D-2FCDB1AEB623}.Release|Any CPU.Build.0 = Release|Any CPU
		{5C55C0DD-F582-407D-A946-02E22F8A3B55}.Debug|Any CPU.ActiveCfg = Debug|Any CPU
		{5C55C0DD-F582-407D-A946-02E22F8A3B55}.Debug|Any CPU.Build.0 = Debug|Any CPU
		{5C55C0DD-F582-407D-A946-02E22F8A3B55}.Release|Any CPU.ActiveCfg = Release|Any CPU
		{5C55C0DD-F582-407D-A946-02E22F8A3B55}.Release|Any CPU.Build.0 = Release|Any CPU
		{DA3C435A-D7E2-4C43-ACF4-8E2A58F2A830}.Debug|Any CPU.ActiveCfg = Debug|Any CPU
		{DA3C435A-D7E2-4C43-ACF4-8E2A58F2A830}.Debug|Any CPU.Build.0 = Debug|Any CPU
		{DA3C435A-D7E2-4C43-ACF4-8E2A58F2A830}.Release|Any CPU.ActiveCfg = Release|Any CPU
		{DA3C435A-D7E2-4C43-ACF4-8E2A58F2A830}.Release|Any CPU.Build.0 = Release|Any CPU
		{61F7D582-B83B-4B81-AB50-1D4A22D40F22}.Debug|Any CPU.ActiveCfg = Debug|Any CPU
		{61F7D582-B83B-4B81-AB50-1D4A22D40F22}.Debug|Any CPU.Build.0 = Debug|Any CPU
		{61F7D582-B83B-4B81-AB50-1D4A22D40F22}.Release|Any CPU.ActiveCfg = Release|Any CPU
		{61F7D582-B83B-4B81-AB50-1D4A22D40F22}.Release|Any CPU.Build.0 = Release|Any CPU
		{29B4CF0A-7530-4A2E-AF9C-AEB18E268A64}.Debug|Any CPU.ActiveCfg = Debug|Any CPU
		{29B4CF0A-7530-4A2E-AF9C-AEB18E268A64}.Debug|Any CPU.Build.0 = Debug|Any CPU
		{29B4CF0A-7530-4A2E-AF9C-AEB18E268A64}.Release|Any CPU.ActiveCfg = Release|Any CPU
		{29B4CF0A-7530-4A2E-AF9C-AEB18E268A64}.Release|Any CPU.Build.0 = Release|Any CPU
		{E639E7B5-47B6-4DA9-B0E3-82B2B39928A2}.Debug|Any CPU.ActiveCfg = Debug|Any CPU
		{E639E7B5-47B6-4DA9-B0E3-82B2B39928A2}.Debug|Any CPU.Build.0 = Debug|Any CPU
		{E639E7B5-47B6-4DA9-B0E3-82B2B39928A2}.Release|Any CPU.ActiveCfg = Release|Any CPU
		{E639E7B5-47B6-4DA9-B0E3-82B2B39928A2}.Release|Any CPU.Build.0 = Release|Any CPU
		{B9724ED4-B54E-4CE7-9649-838CA2B8A7EA}.Debug|Any CPU.ActiveCfg = Debug|Any CPU
		{B9724ED4-B54E-4CE7-9649-838CA2B8A7EA}.Debug|Any CPU.Build.0 = Debug|Any CPU
		{B9724ED4-B54E-4CE7-9649-838CA2B8A7EA}.Release|Any CPU.ActiveCfg = Release|Any CPU
		{B9724ED4-B54E-4CE7-9649-838CA2B8A7EA}.Release|Any CPU.Build.0 = Release|Any CPU
		{B868A718-5473-4248-95ED-8CAB3AA38D53}.Debug|Any CPU.ActiveCfg = Debug|Any CPU
		{B868A718-5473-4248-95ED-8CAB3AA38D53}.Debug|Any CPU.Build.0 = Debug|Any CPU
		{B868A718-5473-4248-95ED-8CAB3AA38D53}.Release|Any CPU.ActiveCfg = Release|Any CPU
		{B868A718-5473-4248-95ED-8CAB3AA38D53}.Release|Any CPU.Build.0 = Release|Any CPU
		{78CE8AEE-C14A-4FFB-88A5-9206CDC84268}.Debug|Any CPU.ActiveCfg = Debug|Any CPU
		{78CE8AEE-C14A-4FFB-88A5-9206CDC84268}.Debug|Any CPU.Build.0 = Debug|Any CPU
		{78CE8AEE-C14A-4FFB-88A5-9206CDC84268}.Release|Any CPU.ActiveCfg = Release|Any CPU
		{78CE8AEE-C14A-4FFB-88A5-9206CDC84268}.Release|Any CPU.Build.0 = Release|Any CPU
		{D70FF571-948F-4497-9C1A-56E175DA4B8B}.Debug|Any CPU.ActiveCfg = Debug|Any CPU
		{D70FF571-948F-4497-9C1A-56E175DA4B8B}.Debug|Any CPU.Build.0 = Debug|Any CPU
		{D70FF571-948F-4497-9C1A-56E175DA4B8B}.Release|Any CPU.ActiveCfg = Release|Any CPU
		{D70FF571-948F-4497-9C1A-56E175DA4B8B}.Release|Any CPU.Build.0 = Release|Any CPU
		{F2DFAE19-D217-40F6-BE6A-90201D909076}.Debug|Any CPU.ActiveCfg = Debug|Any CPU
		{F2DFAE19-D217-40F6-BE6A-90201D909076}.Debug|Any CPU.Build.0 = Debug|Any CPU
		{F2DFAE19-D217-40F6-BE6A-90201D909076}.Release|Any CPU.ActiveCfg = Release|Any CPU
		{F2DFAE19-D217-40F6-BE6A-90201D909076}.Release|Any CPU.Build.0 = Release|Any CPU
		{A1C20202-B677-475D-BF78-7543B441CD7B}.Debug|Any CPU.ActiveCfg = Debug|Any CPU
		{A1C20202-B677-475D-BF78-7543B441CD7B}.Debug|Any CPU.Build.0 = Debug|Any CPU
		{A1C20202-B677-475D-BF78-7543B441CD7B}.Release|Any CPU.ActiveCfg = Release|Any CPU
		{A1C20202-B677-475D-BF78-7543B441CD7B}.Release|Any CPU.Build.0 = Release|Any CPU
		{A297DE63-A9EA-4FC5-BBEA-B10D28335DEE}.Debug|Any CPU.ActiveCfg = Debug|Any CPU
		{A297DE63-A9EA-4FC5-BBEA-B10D28335DEE}.Debug|Any CPU.Build.0 = Debug|Any CPU
		{A297DE63-A9EA-4FC5-BBEA-B10D28335DEE}.Release|Any CPU.ActiveCfg = Release|Any CPU
		{A297DE63-A9EA-4FC5-BBEA-B10D28335DEE}.Release|Any CPU.Build.0 = Release|Any CPU
		{91787455-FEB1-4D54-A619-10A96622D709}.Debug|Any CPU.ActiveCfg = Debug|Any CPU
		{91787455-FEB1-4D54-A619-10A96622D709}.Debug|Any CPU.Build.0 = Debug|Any CPU
		{91787455-FEB1-4D54-A619-10A96622D709}.Release|Any CPU.ActiveCfg = Release|Any CPU
		{91787455-FEB1-4D54-A619-10A96622D709}.Release|Any CPU.Build.0 = Release|Any CPU
		{A02CA482-A24D-4081-8781-48EBC6C7270F}.Debug|Any CPU.ActiveCfg = Debug|Any CPU
		{A02CA482-A24D-4081-8781-48EBC6C7270F}.Debug|Any CPU.Build.0 = Debug|Any CPU
		{A02CA482-A24D-4081-8781-48EBC6C7270F}.Release|Any CPU.ActiveCfg = Release|Any CPU
		{A02CA482-A24D-4081-8781-48EBC6C7270F}.Release|Any CPU.Build.0 = Release|Any CPU
	EndGlobalSection
	GlobalSection(SolutionProperties) = preSolution
		HideSolutionNode = FALSE
	EndGlobalSection
EndGlobal
